{
  "lib\\forge-std": {
    "tag": {
      "name": "v1.16.1",
      "rev": "620536fa5277db4e3fd46772d5cbc1ea0696fb43"
    }
  },
  "lib\\openzeppelin-contracts": {
    "tag": {
      "name": "v5.6.0",
      "rev": "56a3de2cea907c9a500d32e70c275f68393b7ba6"
    }
  },
  "lib\\openzeppelin-contracts-upgradeable": {
    "tag": {
      "name": "v5.6.0",
      "rev": "c9f48f0d6c470a3edab20dcbb3cc35dcfc7f4f1f"
    }
  }
}